
Microsoft Visual Studio Solution File, Format Version 12.00
# Visual Studio 15
VisualStudioVersion = 15.0.27004.2010
MinimumVisualStudioVersion = 10.0.40219.1
Project("{8BC9CEB8-8B4A-11D0-8D11-00A0C91BC942}") = "1. TestForNumberSign", "1. TestForNumberSign\1. TestForNumberSign.vcxproj", "{AB96C02F-8CDE-4B65-89D3-383618E7EA50}"
EndProject
Project("{8BC9CEB8-8B4A-11D0-8D11-00A0C91BC942}") = "2. MultiByteAndWideChar", "2. MultiByteAndWideChar\2. MultiByteAndWideChar.vcxproj", "{B6EF843F-B8B2-46EC-8604-FB51053F3B6A}"
EndProject
Project("{8BC9CEB8-8B4A-11D0-8D11-00A0C91BC942}") = "3. SingleInstance", "3. SingleInstance\3. SingleInstance.vcxproj", "{5AB984C9-8BD2-4CB2-883F-EF84A310013A}"
EndProject
Global
	GlobalSection(SolutionConfigurationPlatforms) = preSolution
		Debug|x64 = Debug|x64
		Debug|x86 = Debug|x86
		Release|x64 = Release|x64
		Release|x86 = Release|x86
	EndGlobalSection
	GlobalSection(ProjectConfigurationPlatforms) = postSolution
		{AB96C02F-8CDE-4B65-89D3-383618E7EA50}.Debug|x64.ActiveCfg = Debug|x64
		{AB96C02F-8CDE-4B65-89D3-383618E7EA50}.Debug|x64.Build.0 = Debug|x64
		{AB96C02F-8CDE-4B65-89D3-383618E7EA50}.Debug|x86.ActiveCfg = Debug|Win32
		{AB96C02F-8CDE-4B65-89D3-383618E7EA50}.Debug|x86.Build.0 = Debug|Win32
		{AB96C02F-8CDE-4B65-89D3-383618E7EA50}.Release|x64.ActiveCfg = Release|x64
		{AB96C02F-8CDE-4B65-89D3-383618E7EA50}.Release|x64.Build.0 = Release|x64
		{AB96C02F-8CDE-4B65-89D3-383618E7EA50}.Release|x86.ActiveCfg = Release|Win32
		{AB96C02F-8CDE-4B65-89D3-383618E7EA50}.Release|x86.Build.0 = Release|Win32
		{B6EF843F-B8B2-46EC-8604-FB51053F3B6A}.Debug|x64.ActiveCfg = Debug|x64
		{B6EF843F-B8B2-46EC-8604-FB51053F3B6A}.Debug|x64.Build.0 = Debug|x64
		{B6EF843F-B8B2-46EC-8604-FB51053F3B6A}.Debug|x86.ActiveCfg = Debug|Win32
		{B6EF843F-B8B2-46EC-8604-FB51053F3B6A}.Debug|x86.Build.0 = Debug|Win32
		{B6EF843F-B8B2-46EC-8604-FB51053F3B6A}.Release|x64.ActiveCfg = Release|x64
		{B6EF843F-B8B2-46EC-8604-FB51053F3B6A}.Release|x64.Build.0 = Release|x64
		{B6EF843F-B8B2-46EC-8604-FB51053F3B6A}.Release|x86.ActiveCfg = Release|Win32
		{B6EF843F-B8B2-46EC-8604-FB51053F3B6A}.Release|x86.Build.0 = Release|Win32
		{5AB984C9-8BD2-4CB2-883F-EF84A310013A}.Debug|x64.ActiveCfg = Debug|x64
		{5AB984C9-8BD2-4CB2-883F-EF84A310013A}.Debug|x64.Build.0 = Debug|x64
		{5AB984C9-8BD2-4CB2-883F-EF84A310013A}.Debug|x86.ActiveCfg = Debug|Win32
		{5AB984C9-8BD2-4CB2-883F-EF84A310013A}.Debug|x86.Build.0 = Debug|Win32
		{5AB984C9-8BD2-4CB2-883F-EF84A310013A}.Release|x64.ActiveCfg = Release|x64
		{5AB984C9-8BD2-4CB2-883F-EF84A310013A}.Release|x64.Build.0 = Release|x64
		{5AB984C9-8BD2-4CB2-883F-EF84A310013A}.Release|x86.ActiveCfg = Release|Win32
		{5AB984C9-8BD2-4CB2-883F-EF84A310013A}.Release|x86.Build.0 = Release|Win32
	EndGlobalSection
	GlobalSection(SolutionProperties) = preSolution
		HideSolutionNode = FALSE
	EndGlobalSection
	GlobalSection(ExtensibilityGlobals) = postSolution
		SolutionGuid = {19ECCEE5-83E9-4CF8-A077-5D097171792E}
	EndGlobalSection
EndGlobal
